
Microsoft Visual Studio Solution File, Format Version 12.00
# Visual Studio Version 17
VisualStudioVersion = 17.7.34202.233
MinimumVisualStudioVersion = 10.0.40219.1
Project("{9A19103F-16F7-4668-BE54-9A1E7A4F7556}") = "Biblioteka", "Biblioteka.csproj", "{7F9A0411-4804-4678-B600-337FDC67EDCC}"
EndProject
Project("{9A19103F-16F7-4668-BE54-9A1E7A4F7556}") = "shared", "..\shared\shared.csproj", "{D6ED8447-91BE-448E-9881-26E1ABA2974E}"
EndProject
Global
	GlobalSection(SolutionConfigurationPlatforms) = preSolution
		Debug|Any CPU = Debug|Any CPU
		Release|Any CPU = Release|Any CPU
	EndGlobalSection
	GlobalSection(ProjectConfigurationPlatforms) = postSolution
		{7F9A0411-4804-4678-B600-337FDC67EDCC}.Debug|Any CPU.ActiveCfg = Debug|Any CPU
		{7F9A0411-4804-4678-B600-337FDC67EDCC}.Debug|Any CPU.Build.0 = Debug|Any CPU
		{7F9A0411-4804-4678-B600-337FDC67EDCC}.Release|Any CPU.ActiveCfg = Release|Any CPU
		{7F9A0411-4804-4678-B600-337FDC67EDCC}.Release|Any CPU.Build.0 = Release|Any CPU
		{D6ED8447-91BE-448E-9881-26E1ABA2974E}.Debug|Any CPU.ActiveCfg = Debug|Any CPU
		{D6ED8447-91BE-448E-9881-26E1ABA2974E}.Debug|Any CPU.Build.0 = Debug|Any CPU
		{D6ED8447-91BE-448E-9881-26E1ABA2974E}.Release|Any CPU.ActiveCfg = Release|Any CPU
		{D6ED8447-91BE-448E-9881-26E1ABA2974E}.Release|Any CPU.Build.0 = Release|Any CPU
	EndGlobalSection
	GlobalSection(SolutionProperties) = preSolution
		HideSolutionNode = FALSE
	EndGlobalSection
	GlobalSection(ExtensibilityGlobals) = postSolution
		SolutionGuid = {C9C9413F-E2E7-40E6-9960-E160F3F8FB68}
	EndGlobalSection
EndGlobal
